
Microsoft Visual Studio Solution File, Format Version 12.00
# Visual Studio 14
VisualStudioVersion = 14.0.25420.1
MinimumVisualStudioVersion = 10.0.40219.1
Project("{FAE04EC0-301F-11D3-BF4B-00C04F79EFBC}") = "MigrateMe", ".\MigrateMe\MigrateMe.csproj", "{FBD534E1-E9B1-4F79-9BE8-5EA73BE85B40}"
EndProject
Project("{FAE04EC0-301F-11D3-BF4B-00C04F79EFBC}") = "MigrateMe.Web", ".\MigrateMe.Web\MigrateMe.Web.csproj", "{8B7955A0-5DDD-4077-BA87-1AFD11C7FE45}"
EndProject
Project("{FAE04EC0-301F-11D3-BF4B-00C04F79EFBC}") = "MigrateMe.Controls", ".\MigrateMe.Controls\MigrateMe.Controls.csproj", "{CDAB6FAC-FB57-4BE7-9009-889970777855}"
EndProject
Global
	GlobalSection(SolutionConfigurationPlatforms) = preSolution
		Debug|Any CPU = Debug|Any CPU
		Release|Any CPU = Release|Any CPU
	EndGlobalSection
	GlobalSection(ProjectConfigurationPlatforms) = postSolution
		{FBD534E1-E9B1-4F79-9BE8-5EA73BE85B40}.Debug|Any CPU.ActiveCfg = Debug|Any CPU
		{FBD534E1-E9B1-4F79-9BE8-5EA73BE85B40}.Debug|Any CPU.Build.0 = Debug|Any CPU
		{FBD534E1-E9B1-4F79-9BE8-5EA73BE85B40}.Release|Any CPU.ActiveCfg = Release|Any CPU
		{FBD534E1-E9B1-4F79-9BE8-5EA73BE85B40}.Release|Any CPU.Build.0 = Release|Any CPU
		{8B7955A0-5DDD-4077-BA87-1AFD11C7FE45}.Debug|Any CPU.ActiveCfg = Debug|Any CPU
		{8B7955A0-5DDD-4077-BA87-1AFD11C7FE45}.Debug|Any CPU.Build.0 = Debug|Any CPU
		{8B7955A0-5DDD-4077-BA87-1AFD11C7FE45}.Release|Any CPU.ActiveCfg = Release|Any CPU
		{8B7955A0-5DDD-4077-BA87-1AFD11C7FE45}.Release|Any CPU.Build.0 = Release|Any CPU
		{CDAB6FAC-FB57-4BE7-9009-889970777855}.Debug|Any CPU.ActiveCfg = Debug|Any CPU
		{CDAB6FAC-FB57-4BE7-9009-889970777855}.Debug|Any CPU.Build.0 = Debug|Any CPU
		{CDAB6FAC-FB57-4BE7-9009-889970777855}.Release|Any CPU.ActiveCfg = Release|Any CPU
		{CDAB6FAC-FB57-4BE7-9009-889970777855}.Release|Any CPU.Build.0 = Release|Any CPU
	EndGlobalSection
	GlobalSection(SolutionProperties) = preSolution
		HideSolutionNode = FALSE
	EndGlobalSection
EndGlobal
